
Microsoft Visual Studio Solution File, Format Version 12.00
# Visual Studio Version 17
VisualStudioVersion = 17.3.32929.385
MinimumVisualStudioVersion = 10.0.40219.1
Project("{9A19103F-16F7-4668-BE54-9A1E7A4F7556}") = "OnlineStore", "OnlineStore\OnlineStore.csproj", "{B879EACF-3A41-4F60-8064-7C228180AF7A}"
EndProject
Project("{9A19103F-16F7-4668-BE54-9A1E7A4F7556}") = "OnlineStore.DAL", "OnluneStore.DAL\OnlineStore.DAL.csproj", "{A374A2B6-BDF1-4C70-A2E6-D47A3C723BEC}"
EndProject
Project("{9A19103F-16F7-4668-BE54-9A1E7A4F7556}") = "OnlineStore.BLL", "OnlineStore.BLL\OnlineStore.BLL.csproj", "{53E22EFA-2120-488F-8820-19EE726A1BCD}"
EndProject
Project("{9A19103F-16F7-4668-BE54-9A1E7A4F7556}") = "OnlineStore.Domain", "OnlineStore.Domain\OnlineStore.Domain.csproj", "{3076B914-BE2E-4BE9-8249-90FFF4BE988D}"
EndProject
Global
	GlobalSection(SolutionConfigurationPlatforms) = preSolution
		Debug|Any CPU = Debug|Any CPU
		Release|Any CPU = Release|Any CPU
	EndGlobalSection
	GlobalSection(ProjectConfigurationPlatforms) = postSolution
		{B879EACF-3A41-4F60-8064-7C228180AF7A}.Debug|Any CPU.ActiveCfg = Debug|Any CPU
		{B879EACF-3A41-4F60-8064-7C228180AF7A}.Debug|Any CPU.Build.0 = Debug|Any CPU
		{B879EACF-3A41-4F60-8064-7C228180AF7A}.Release|Any CPU.ActiveCfg = Release|Any CPU
		{B879EACF-3A41-4F60-8064-7C228180AF7A}.Release|Any CPU.Build.0 = Release|Any CPU
		{A374A2B6-BDF1-4C70-A2E6-D47A3C723BEC}.Debug|Any CPU.ActiveCfg = Debug|Any CPU
		{A374A2B6-BDF1-4C70-A2E6-D47A3C723BEC}.Debug|Any CPU.Build.0 = Debug|Any CPU
		{A374A2B6-BDF1-4C70-A2E6-D47A3C723BEC}.Release|Any CPU.ActiveCfg = Release|Any CPU
		{A374A2B6-BDF1-4C70-A2E6-D47A3C723BEC}.Release|Any CPU.Build.0 = Release|Any CPU
		{53E22EFA-2120-488F-8820-19EE726A1BCD}.Debug|Any CPU.ActiveCfg = Debug|Any CPU
		{53E22EFA-2120-488F-8820-19EE726A1BCD}.Debug|Any CPU.Build.0 = Debug|Any CPU
		{53E22EFA-2120-488F-8820-19EE726A1BCD}.Release|Any CPU.ActiveCfg = Release|Any CPU
		{53E22EFA-2120-488F-8820-19EE726A1BCD}.Release|Any CPU.Build.0 = Release|Any CPU
		{3076B914-BE2E-4BE9-8249-90FFF4BE988D}.Debug|Any CPU.ActiveCfg = Debug|Any CPU
		{3076B914-BE2E-4BE9-8249-90FFF4BE988D}.Debug|Any CPU.Build.0 = Debug|Any CPU
		{3076B914-BE2E-4BE9-8249-90FFF4BE988D}.Release|Any CPU.ActiveCfg = Release|Any CPU
		{3076B914-BE2E-4BE9-8249-90FFF4BE988D}.Release|Any CPU.Build.0 = Release|Any CPU
	EndGlobalSection
	GlobalSection(SolutionProperties) = preSolution
		HideSolutionNode = FALSE
	EndGlobalSection
	GlobalSection(ExtensibilityGlobals) = postSolution
		SolutionGuid = {666FBD19-8384-4DDD-9B3A-79CB547D0D48}
	EndGlobalSection
EndGlobal
